// !$*UTF8*$!
{
	archiveVersion = 1;
	classes = {
	};
	objectVersion = 50;
	objects = {

/* Begin PBXBuildFile section */
		651FE5A122EB2BA400E8F213 /* ORFTestViewController.swift in Sources */ = {isa = PBXBuildFile; fileRef = 651FE5A022EB2BA400E8F213 /* ORFTestViewController.swift */; };
		651FE5A322EB2BD200E8F213 /* ORFTestTableViewCell.swift in Sources */ = {isa = PBXBuildFile; fileRef = 651FE5A222EB2BD200E8F213 /* ORFTestTableViewCell.swift */; };
		651FE5A522EB2EC900E8F213 /* ORFTableCellData.swift in Sources */ = {isa = PBXBuildFile; fileRef = 651FE5A422EB2EC900E8F213 /* ORFTableCellData.swift */; };
		651FE5A722ECCAAF00E8F213 /* ORFTestElement.swift in Sources */ = {isa = PBXBuildFile; fileRef = 651FE5A622ECCAAF00E8F213 /* ORFTestElement.swift */; };
		651FE5AE22EE4ABD00E8F213 /* Benchmark 2-2 - Oral Reading Fluency.txt in Resources */ = {isa = PBXBuildFile; fileRef = 651FE5AB22EE4ABD00E8F213 /* Benchmark 2-2 - Oral Reading Fluency.txt */; };
		651FE5AF22EE4ABD00E8F213 /* Benchmark 2-3 - Oral Reading Fluency.txt in Resources */ = {isa = PBXBuildFile; fileRef = 651FE5AC22EE4ABD00E8F213 /* Benchmark 2-3 - Oral Reading Fluency.txt */; };
		651FE5B522EE505D00E8F213 /* Benchmark 2-1 - Oral Reading Fluency.txt in Resources */ = {isa = PBXBuildFile; fileRef = 651FE5B422EE505D00E8F213 /* Benchmark 2-1 - Oral Reading Fluency.txt */; };
		651FE5B922EE537C00E8F213 /* Benchmark 3-3 - Oral Reading Fluency.txt in Resources */ = {isa = PBXBuildFile; fileRef = 651FE5B622EE537B00E8F213 /* Benchmark 3-3 - Oral Reading Fluency.txt */; };
		651FE5BA22EE537C00E8F213 /* Benchmark 3-1 - Oral Reading Fluency.txt in Resources */ = {isa = PBXBuildFile; fileRef = 651FE5B722EE537C00E8F213 /* Benchmark 3-1 - Oral Reading Fluency.txt */; };
		651FE5BB22EE537C00E8F213 /* Benchmark 3-2 - Oral Reading Fluency.txt in Resources */ = {isa = PBXBuildFile; fileRef = 651FE5B822EE537C00E8F213 /* Benchmark 3-2 - Oral Reading Fluency.txt */; };
		65253C0621E5125300F0EFB3 /* RunTestTableViewCell.swift in Sources */ = {isa = PBXBuildFile; fileRef = 65253C0521E5125300F0EFB3 /* RunTestTableViewCell.swift */; };
		653D86F021C44D450077324E /* StudentDetailViewController.swift in Sources */ = {isa = PBXBuildFile; fileRef = 653D86EF21C44D450077324E /* StudentDetailViewController.swift */; };
		654C176821D03E7500982BD5 /* RunTestTableViewController.swift in Sources */ = {isa = PBXBuildFile; fileRef = 654C176721D03E7500982BD5 /* RunTestTableViewController.swift */; };
		656FCE222262C207009783F8 /* Benchmark 2 - Phoneme Segmentation Fluency.txt in Resources */ = {isa = PBXBuildFile; fileRef = 656FCE212262C207009783F8 /* Benchmark 2 - Phoneme Segmentation Fluency.txt */; };
		657520A1225C19D30063021D /* TableCellData.swift in Sources */ = {isa = PBXBuildFile; fileRef = 657520A0225C19D30063021D /* TableCellData.swift */; };
		6588461C22875B0200CBE3DD /* Progress Monitoring - Nonsense Word Fluency 09.txt in Resources */ = {isa = PBXBuildFile; fileRef = 6588461622875B0000CBE3DD /* Progress Monitoring - Nonsense Word Fluency 09.txt */; };
		6588461D22875B0200CBE3DD /* Progress Monitoring - Nonsense Word Fluency 10.txt in Resources */ = {isa = PBXBuildFile; fileRef = 6588461722875B0100CBE3DD /* Progress Monitoring - Nonsense Word Fluency 10.txt */; };
		6588461E22875B0200CBE3DD /* Progress Monitoring - Nonsense Word Fluency 08.txt in Resources */ = {isa = PBXBuildFile; fileRef = 6588461822875B0100CBE3DD /* Progress Monitoring - Nonsense Word Fluency 08.txt */; };
		6588461F22875B0200CBE3DD /* Progress Monitoring - Nonsense Word Fluency 11.txt in Resources */ = {isa = PBXBuildFile; fileRef = 6588461922875B0100CBE3DD /* Progress Monitoring - Nonsense Word Fluency 11.txt */; };
		6588462022875B0200CBE3DD /* Progress Monitoring - Nonsense Word Fluency 07.txt in Resources */ = {isa = PBXBuildFile; fileRef = 6588461A22875B0100CBE3DD /* Progress Monitoring - Nonsense Word Fluency 07.txt */; };
		6588462122875B0200CBE3DD /* Progress Monitoring - Nonsense Word Fluency 12.txt in Resources */ = {isa = PBXBuildFile; fileRef = 6588461B22875B0200CBE3DD /* Progress Monitoring - Nonsense Word Fluency 12.txt */; };
		658954DD2264F59200C962E2 /* Benchmark 2 - Nonsense Word Fluency.txt in Resources */ = {isa = PBXBuildFile; fileRef = 658954DB2264F59200C962E2 /* Benchmark 2 - Nonsense Word Fluency.txt */; };
		658954DE2264F59200C962E2 /* Benchmark 3 - Nonsense Word Fluency.txt in Resources */ = {isa = PBXBuildFile; fileRef = 658954DC2264F59200C962E2 /* Benchmark 3 - Nonsense Word Fluency.txt */; };
		658954E5226502D000C962E2 /* Progress Monitoring - Nonsense Word Fluency 02.txt in Resources */ = {isa = PBXBuildFile; fileRef = 658954DF226502D000C962E2 /* Progress Monitoring - Nonsense Word Fluency 02.txt */; };
		658954E6226502D000C962E2 /* Progress Monitoring - Nonsense Word Fluency 04.txt in Resources */ = {isa = PBXBuildFile; fileRef = 658954E0226502D000C962E2 /* Progress Monitoring - Nonsense Word Fluency 04.txt */; };
		658954E7226502D000C962E2 /* Progress Monitoring - Nonsense Word Fluency 06.txt in Resources */ = {isa = PBXBuildFile; fileRef = 658954E1226502D000C962E2 /* Progress Monitoring - Nonsense Word Fluency 06.txt */; };
		658954E8226502D000C962E2 /* Progress Monitoring - Nonsense Word Fluency 03.txt in Resources */ = {isa = PBXBuildFile; fileRef = 658954E2226502D000C962E2 /* Progress Monitoring - Nonsense Word Fluency 03.txt */; };
		658954E9226502D000C962E2 /* Progress Monitoring - Nonsense Word Fluency 05.txt in Resources */ = {isa = PBXBuildFile; fileRef = 658954E3226502D000C962E2 /* Progress Monitoring - Nonsense Word Fluency 05.txt */; };
		658954EA226502D000C962E2 /* Progress Monitoring - Nonsense Word Fluency 01.txt in Resources */ = {isa = PBXBuildFile; fileRef = 658954E4226502D000C962E2 /* Progress Monitoring - Nonsense Word Fluency 01.txt */; };
		658954EE2265040D00C962E2 /* TestElement.swift in Sources */ = {isa = PBXBuildFile; fileRef = 658954ED2265040D00C962E2 /* TestElement.swift */; };
		65A65D6221C5CB1B003AE9A5 /* TestEvent+CoreDataClass.swift in Sources */ = {isa = PBXBuildFile; fileRef = 65A65D6021C5CB1B003AE9A5 /* TestEvent+CoreDataClass.swift */; };
		65A65D6321C5CB1B003AE9A5 /* TestEvent+CoreDataProperties.swift in Sources */ = {isa = PBXBuildFile; fileRef = 65A65D6121C5CB1B003AE9A5 /* TestEvent+CoreDataProperties.swift */; };
		65A9728923189888004B1619 /* Progress Monitoring - Oral Reading Fluency 04.txt in Resources */ = {isa = PBXBuildFile; fileRef = 65A9727523189881004B1619 /* Progress Monitoring - Oral Reading Fluency 04.txt */; };
		65A9728A23189888004B1619 /* Progress Monitoring - Oral Reading Fluency 18.txt in Resources */ = {isa = PBXBuildFile; fileRef = 65A9727623189882004B1619 /* Progress Monitoring - Oral Reading Fluency 18.txt */; };
		65A9728B23189888004B1619 /* Progress Monitoring - Oral Reading Fluency 16.txt in Resources */ = {isa = PBXBuildFile; fileRef = 65A9727723189882004B1619 /* Progress Monitoring - Oral Reading Fluency 16.txt */; };
		65A9728C23189888004B1619 /* Progress Monitoring - Oral Reading Fluency 20.txt in Resources */ = {isa = PBXBuildFile; fileRef = 65A9727823189882004B1619 /* Progress Monitoring - Oral Reading Fluency 20.txt */; };
		65A9728D23189888004B1619 /* Progress Monitoring - Oral Reading Fluency 15.txt in Resources */ = {isa = PBXBuildFile; fileRef = 65A9727923189882004B1619 /* Progress Monitoring - Oral Reading Fluency 15.txt */; };
		65A9728E23189888004B1619 /* Progress Monitoring - Oral Reading Fluency 01.txt in Resources */ = {isa = PBXBuildFile; fileRef = 65A9727A23189883004B1619 /* Progress Monitoring - Oral Reading Fluency 01.txt */; };
		65A9728F23189888004B1619 /* Progress Monitoring - Oral Reading Fluency 09.txt in Resources */ = {isa = PBXBuildFile; fileRef = 65A9727B23189883004B1619 /* Progress Monitoring - Oral Reading Fluency 09.txt */; };
		65A9729023189888004B1619 /* Progress Monitoring - Oral Reading Fluency 12.txt in Resources */ = {isa = PBXBuildFile; fileRef = 65A9727C23189883004B1619 /* Progress Monitoring - Oral Reading Fluency 12.txt */; };
		65A9729123189888004B1619 /* Progress Monitoring - Oral Reading Fluency 07.txt in Resources */ = {isa = PBXBuildFile; fileRef = 65A9727D23189884004B1619 /* Progress Monitoring - Oral Reading Fluency 07.txt */; };
		65A9729223189888004B1619 /* Progress Monitoring - Oral Reading Fluency 03.txt in Resources */ = {isa = PBXBuildFile; fileRef = 65A9727E23189884004B1619 /* Progress Monitoring - Oral Reading Fluency 03.txt */; };
		65A9729323189888004B1619 /* Progress Monitoring - Oral Reading Fluency 13.txt in Resources */ = {isa = PBXBuildFile; fileRef = 65A9727F23189884004B1619 /* Progress Monitoring - Oral Reading Fluency 13.txt */; };
		65A9729423189888004B1619 /* Progress Monitoring - Oral Reading Fluency 05.txt in Resources */ = {isa = PBXBuildFile; fileRef = 65A9728023189884004B1619 /* Progress Monitoring - Oral Reading Fluency 05.txt */; };
		65A9729523189888004B1619 /* Progress Monitoring - Oral Reading Fluency 11.txt in Resources */ = {isa = PBXBuildFile; fileRef = 65A9728123189885004B1619 /* Progress Monitoring - Oral Reading Fluency 11.txt */; };
		65A9729623189888004B1619 /* Progress Monitoring - Oral Reading Fluency 02.txt in Resources */ = {isa = PBXBuildFile; fileRef = 65A9728223189885004B1619 /* Progress Monitoring - Oral Reading Fluency 02.txt */; };
		65A9729723189888004B1619 /* Progress Monitoring - Oral Reading Fluency 14.txt in Resources */ = {isa = PBXBuildFile; fileRef = 65A9728323189885004B1619 /* Progress Monitoring - Oral Reading Fluency 14.txt */; };
		65A9729823189888004B1619 /* Progress Monitoring - Oral Reading Fluency 17.txt in Resources */ = {isa = PBXBuildFile; fileRef = 65A9728423189886004B1619 /* Progress Monitoring - Oral Reading Fluency 17.txt */; };
		65A9729923189888004B1619 /* Progress Monitoring - Oral Reading Fluency 06.txt in Resources */ = {isa = PBXBuildFile; fileRef = 65A9728523189886004B1619 /* Progress Monitoring - Oral Reading Fluency 06.txt */; };
		65A9729A23189888004B1619 /* Progress Monitoring - Oral Reading Fluency 19.txt in Resources */ = {isa = PBXBuildFile; fileRef = 65A9728623189887004B1619 /* Progress Monitoring - Oral Reading Fluency 19.txt */; };
		65A9729B23189888004B1619 /* Progress Monitoring - Oral Reading Fluency 08.txt in Resources */ = {isa = PBXBuildFile; fileRef = 65A9728723189887004B1619 /* Progress Monitoring - Oral Reading Fluency 08.txt */; };
		65A9729C23189888004B1619 /* Progress Monitoring - Oral Reading Fluency 10.txt in Resources */ = {isa = PBXBuildFile; fileRef = 65A9728823189887004B1619 /* Progress Monitoring - Oral Reading Fluency 10.txt */; };
		65B4FF10224A7EE600968553 /* TestRow.swift in Sources */ = {isa = PBXBuildFile; fileRef = 65B4FF0F224A7EE600968553 /* TestRow.swift */; };
		65C787D92263D61800C8D35B /* Benchmark 1 - Phoneme Segmentation Fluency.txt in Resources */ = {isa = PBXBuildFile; fileRef = 65C787D72263D61800C8D35B /* Benchmark 1 - Phoneme Segmentation Fluency.txt */; };
		65C787DA2263D61800C8D35B /* Benchmark 3 - Phoneme Segmentation Fluency.txt in Resources */ = {isa = PBXBuildFile; fileRef = 65C787D82263D61800C8D35B /* Benchmark 3 - Phoneme Segmentation Fluency.txt */; };
		65C787DC2263D80E00C8D35B /* Progress Monitoring - Phoneme Segmentation Fluency 1.txt in Resources */ = {isa = PBXBuildFile; fileRef = 65C787DB2263D80D00C8D35B /* Progress Monitoring - Phoneme Segmentation Fluency 1.txt */; };
		65C787E22263DC5F00C8D35B /* Progress Monitoring - Phoneme Segmentation Fluency 5.txt in Resources */ = {isa = PBXBuildFile; fileRef = 65C787DD2263DC5D00C8D35B /* Progress Monitoring - Phoneme Segmentation Fluency 5.txt */; };
		65C787E32263DC5F00C8D35B /* Progress Monitoring - Phoneme Segmentation Fluency 2.txt in Resources */ = {isa = PBXBuildFile; fileRef = 65C787DE2263DC5D00C8D35B /* Progress Monitoring - Phoneme Segmentation Fluency 2.txt */; };
		65C787E42263DC5F00C8D35B /* Progress Monitoring - Phoneme Segmentation Fluency 3.txt in Resources */ = {isa = PBXBuildFile; fileRef = 65C787DF2263DC5D00C8D35B /* Progress Monitoring - Phoneme Segmentation Fluency 3.txt */; };
		65C787E52263DC5F00C8D35B /* Progress Monitoring - Phoneme Segmentation Fluency 4.txt in Resources */ = {isa = PBXBuildFile; fileRef = 65C787E02263DC5E00C8D35B /* Progress Monitoring - Phoneme Segmentation Fluency 4.txt */; };
		65C787E62263DC5F00C8D35B /* Progress Monitoring - Phoneme Segmentation Fluency 6.txt in Resources */ = {isa = PBXBuildFile; fileRef = 65C787E12263DC5E00C8D35B /* Progress Monitoring - Phoneme Segmentation Fluency 6.txt */; };
		65C787E82263FA1400C8D35B /* NWFTestViewController.swift in Sources */ = {isa = PBXBuildFile; fileRef = 65C787E72263FA1400C8D35B /* NWFTestViewController.swift */; };
		65C787EA2263FF7100C8D35B /* NWFTestTableViewCell.swift in Sources */ = {isa = PBXBuildFile; fileRef = 65C787E92263FF7100C8D35B /* NWFTestTableViewCell.swift */; };
		65C787EC2264073500C8D35B /* Benchmark 1 - Nonsense Word Fluency.txt in Resources */ = {isa = PBXBuildFile; fileRef = 65C787EB2264073500C8D35B /* Benchmark 1 - Nonsense Word Fluency.txt */; };
		65D42F5821C9E73A008EC6E8 /* PersistenceService.swift in Sources */ = {isa = PBXBuildFile; fileRef = 65D42F5721C9E73A008EC6E8 /* PersistenceService.swift */; };
		65FC4F8921C2FB31002A7096 /* AppDelegate.swift in Sources */ = {isa = PBXBuildFile; fileRef = 65FC4F8821C2FB31002A7096 /* AppDelegate.swift */; };
		65FC4F8B21C2FB31002A7096 /* ViewController.swift in Sources */ = {isa = PBXBuildFile; fileRef = 65FC4F8A21C2FB31002A7096 /* ViewController.swift */; };
		65FC4F8E21C2FB31002A7096 /* Main.storyboard in Resources */ = {isa = PBXBuildFile; fileRef = 65FC4F8C21C2FB31002A7096 /* Main.storyboard */; };
		65FC4F9121C2FB31002A7096 /* Dribbles.xcdatamodeld in Sources */ = {isa = PBXBuildFile; fileRef = 65FC4F8F21C2FB31002A7096 /* Dribbles.xcdatamodeld */; };
		65FC4F9321C2FB33002A7096 /* Assets.xcassets in Resources */ = {isa = PBXBuildFile; fileRef = 65FC4F9221C2FB33002A7096 /* Assets.xcassets */; };
		65FF6FD421C46EEA0013197F /* Student+CoreDataClass.swift in Sources */ = {isa = PBXBuildFile; fileRef = 65FF6FD221C46EEA0013197F /* Student+CoreDataClass.swift */; };
		65FF6FD521C46EEA0013197F /* Student+CoreDataProperties.swift in Sources */ = {isa = PBXBuildFile; fileRef = 65FF6FD321C46EEA0013197F /* Student+CoreDataProperties.swift */; };
		65FF6FD721C4721E0013197F /* AddStudentViewController.swift in Sources */ = {isa = PBXBuildFile; fileRef = 65FF6FD621C4721E0013197F /* AddStudentViewController.swift */; };
/* End PBXBuildFile section */

/* Begin PBXFileReference section */
		651FE5A022EB2BA400E8F213 /* ORFTestViewController.swift */ = {isa = PBXFileReference; lastKnownFileType = sourcecode.swift; path = ORFTestViewController.swift; sourceTree = "<group>"; };
		651FE5A222EB2BD200E8F213 /* ORFTestTableViewCell.swift */ = {isa = PBXFileReference; lastKnownFileType = sourcecode.swift; path = ORFTestTableViewCell.swift; sourceTree = "<group>"; };
		651FE5A422EB2EC900E8F213 /* ORFTableCellData.swift */ = {isa = PBXFileReference; lastKnownFileType = sourcecode.swift; path = ORFTableCellData.swift; sourceTree = "<group>"; };
		651FE5A622ECCAAF00E8F213 /* ORFTestElement.swift */ = {isa = PBXFileReference; lastKnownFileType = sourcecode.swift; path = ORFTestElement.swift; sourceTree = "<group>"; };
		651FE5AB22EE4ABD00E8F213 /* Benchmark 2-2 - Oral Reading Fluency.txt */ = {isa = PBXFileReference; fileEncoding = 4; lastKnownFileType = text; path = "Benchmark 2-2 - Oral Reading Fluency.txt"; sourceTree = "<group>"; };
		651FE5AC22EE4ABD00E8F213 /* Benchmark 2-3 - Oral Reading Fluency.txt */ = {isa = PBXFileReference; fileEncoding = 4; lastKnownFileType = text; path = "Benchmark 2-3 - Oral Reading Fluency.txt"; sourceTree = "<group>"; };
		651FE5B422EE505D00E8F213 /* Benchmark 2-1 - Oral Reading Fluency.txt */ = {isa = PBXFileReference; fileEncoding = 4; lastKnownFileType = text; path = "Benchmark 2-1 - Oral Reading Fluency.txt"; sourceTree = "<group>"; };
		651FE5B622EE537B00E8F213 /* Benchmark 3-3 - Oral Reading Fluency.txt */ = {isa = PBXFileReference; fileEncoding = 4; lastKnownFileType = text; path = "Benchmark 3-3 - Oral Reading Fluency.txt"; sourceTree = "<group>"; };
		651FE5B722EE537C00E8F213 /* Benchmark 3-1 - Oral Reading Fluency.txt */ = {isa = PBXFileReference; fileEncoding = 4; lastKnownFileType = text; path = "Benchmark 3-1 - Oral Reading Fluency.txt"; sourceTree = "<group>"; };
		651FE5B822EE537C00E8F213 /* Benchmark 3-2 - Oral Reading Fluency.txt */ = {isa = PBXFileReference; fileEncoding = 4; lastKnownFileType = text; path = "Benchmark 3-2 - Oral Reading Fluency.txt"; sourceTree = "<group>"; };
		65253C0521E5125300F0EFB3 /* RunTestTableViewCell.swift */ = {isa = PBXFileReference; lastKnownFileType = sourcecode.swift; path = RunTestTableViewCell.swift; sourceTree = "<group>"; };
		653D86EF21C44D450077324E /* StudentDetailViewController.swift */ = {isa = PBXFileReference; lastKnownFileType = sourcecode.swift; path = StudentDetailViewController.swift; sourceTree = "<group>"; };
		65419F0F23C9567800B0EEE0 /* Dribbles 2.xcdatamodel */ = {isa = PBXFileReference; lastKnownFileType = wrapper.xcdatamodel; path = "Dribbles 2.xcdatamodel"; sourceTree = "<group>"; };
		654C176721D03E7500982BD5 /* RunTestTableViewController.swift */ = {isa = PBXFileReference; lastKnownFileType = sourcecode.swift; path = RunTestTableViewController.swift; sourceTree = "<group>"; };
		656FCE212262C207009783F8 /* Benchmark 2 - Phoneme Segmentation Fluency.txt */ = {isa = PBXFileReference; fileEncoding = 4; lastKnownFileType = text; path = "Benchmark 2 - Phoneme Segmentation Fluency.txt"; sourceTree = "<group>"; };
		657520A0225C19D30063021D /* TableCellData.swift */ = {isa = PBXFileReference; lastKnownFileType = sourcecode.swift; path = TableCellData.swift; sourceTree = "<group>"; };
		6588461622875B0000CBE3DD /* Progress Monitoring - Nonsense Word Fluency 09.txt */ = {isa = PBXFileReference; fileEncoding = 4; lastKnownFileType = text; path = "Progress Monitoring - Nonsense Word Fluency 09.txt"; sourceTree = "<group>"; };
		6588461722875B0100CBE3DD /* Progress Monitoring - Nonsense Word Fluency 10.txt */ = {isa = PBXFileReference; fileEncoding = 4; lastKnownFileType = text; path = "Progress Monitoring - Nonsense Word Fluency 10.txt"; sourceTree = "<group>"; };
		6588461822875B0100CBE3DD /* Progress Monitoring - Nonsense Word Fluency 08.txt */ = {isa = PBXFileReference; fileEncoding = 4; lastKnownFileType = text; path = "Progress Monitoring - Nonsense Word Fluency 08.txt"; sourceTree = "<group>"; };
		6588461922875B0100CBE3DD /* Progress Monitoring - Nonsense Word Fluency 11.txt */ = {isa = PBXFileReference; fileEncoding = 4; lastKnownFileType = text; path = "Progress Monitoring - Nonsense Word Fluency 11.txt"; sourceTree = "<group>"; };
		6588461A22875B0100CBE3DD /* Progress Monitoring - Nonsense Word Fluency 07.txt */ = {isa = PBXFileReference; fileEncoding = 4; lastKnownFileType = text; path = "Progress Monitoring - Nonsense Word Fluency 07.txt"; sourceTree = "<group>"; };
		6588461B22875B0200CBE3DD /* Progress Monitoring - Nonsense Word Fluency 12.txt */ = {isa = PBXFileReference; fileEncoding = 4; lastKnownFileType = text; path = "Progress Monitoring - Nonsense Word Fluency 12.txt"; sourceTree = "<group>"; };
		658954DB2264F59200C962E2 /* Benchmark 2 - Nonsense Word Fluency.txt */ = {isa = PBXFileReference; fileEncoding = 4; lastKnownFileType = text; path = "Benchmark 2 - Nonsense Word Fluency.txt"; sourceTree = "<group>"; };
		658954DC2264F59200C962E2 /* Benchmark 3 - Nonsense Word Fluency.txt */ = {isa = PBXFileReference; fileEncoding = 4; lastKnownFileType = text; path = "Benchmark 3 - Nonsense Word Fluency.txt"; sourceTree = "<group>"; };
		658954DF226502D000C962E2 /* Progress Monitoring - Nonsense Word Fluency 02.txt */ = {isa = PBXFileReference; fileEncoding = 4; lastKnownFileType = text; path = "Progress Monitoring - Nonsense Word Fluency 02.txt"; sourceTree = "<group>"; };
		658954E0226502D000C962E2 /* Progress Monitoring - Nonsense Word Fluency 04.txt */ = {isa = PBXFileReference; fileEncoding = 4; lastKnownFileType = text; path = "Progress Monitoring - Nonsense Word Fluency 04.txt"; sourceTree = "<group>"; };
		658954E1226502D000C962E2 /* Progress Monitoring - Nonsense Word Fluency 06.txt */ = {isa = PBXFileReference; fileEncoding = 4; lastKnownFileType = text; path = "Progress Monitoring - Nonsense Word Fluency 06.txt"; sourceTree = "<group>"; };
		658954E2226502D000C962E2 /* Progress Monitoring - Nonsense Word Fluency 03.txt */ = {isa = PBXFileReference; fileEncoding = 4; lastKnownFileType = text; path = "Progress Monitoring - Nonsense Word Fluency 03.txt"; sourceTree = "<group>"; };
		658954E3226502D000C962E2 /* Progress Monitoring - Nonsense Word Fluency 05.txt */ = {isa = PBXFileReference; fileEncoding = 4; lastKnownFileType = text; path = "Progress Monitoring - Nonsense Word Fluency 05.txt"; sourceTree = "<group>"; };
		658954E4226502D000C962E2 /* Progress Monitoring - Nonsense Word Fluency 01.txt */ = {isa = PBXFileReference; fileEncoding = 4; lastKnownFileType = text; path = "Progress Monitoring - Nonsense Word Fluency 01.txt"; sourceTree = "<group>"; };
		658954ED2265040D00C962E2 /* TestElement.swift */ = {isa = PBXFileReference; lastKnownFileType = sourcecode.swift; path = TestElement.swift; sourceTree = "<group>"; };
		65A65D6021C5CB1B003AE9A5 /* TestEvent+CoreDataClass.swift */ = {isa = PBXFileReference; lastKnownFileType = sourcecode.swift; path = "TestEvent+CoreDataClass.swift"; sourceTree = "<group>"; };
		65A65D6121C5CB1B003AE9A5 /* TestEvent+CoreDataProperties.swift */ = {isa = PBXFileReference; lastKnownFileType = sourcecode.swift; path = "TestEvent+CoreDataProperties.swift"; sourceTree = "<group>"; };
		65A9727523189881004B1619 /* Progress Monitoring - Oral Reading Fluency 04.txt */ = {isa = PBXFileReference; fileEncoding = 4; lastKnownFileType = text; path = "Progress Monitoring - Oral Reading Fluency 04.txt"; sourceTree = "<group>"; };
		65A9727623189882004B1619 /* Progress Monitoring - Oral Reading Fluency 18.txt */ = {isa = PBXFileReference; fileEncoding = 4; lastKnownFileType = text; path = "Progress Monitoring - Oral Reading Fluency 18.txt"; sourceTree = "<group>"; };
		65A9727723189882004B1619 /* Progress Monitoring - Oral Reading Fluency 16.txt */ = {isa = PBXFileReference; fileEncoding = 4; lastKnownFileType = text; path = "Progress Monitoring - Oral Reading Fluency 16.txt"; sourceTree = "<group>"; };
		65A9727823189882004B1619 /* Progress Monitoring - Oral Reading Fluency 20.txt */ = {isa = PBXFileReference; fileEncoding = 4; lastKnownFileType = text; path = "Progress Monitoring - Oral Reading Fluency 20.txt"; sourceTree = "<group>"; };
		65A9727923189882004B1619 /* Progress Monitoring - Oral Reading Fluency 15.txt */ = {isa = PBXFileReference; fileEncoding = 4; lastKnownFileType = text; path = "Progress Monitoring - Oral Reading Fluency 15.txt"; sourceTree = "<group>"; };
		65A9727A23189883004B1619 /* Progress Monitoring - Oral Reading Fluency 01.txt */ = {isa = PBXFileReference; fileEncoding = 4; lastKnownFileType = text; path = "Progress Monitoring - Oral Reading Fluency 01.txt"; sourceTree = "<group>"; };
		65A9727B23189883004B1619 /* Progress Monitoring - Oral Reading Fluency 09.txt */ = {isa = PBXFileReference; fileEncoding = 4; lastKnownFileType = text; path = "Progress Monitoring - Oral Reading Fluency 09.txt"; sourceTree = "<group>"; };
		65A9727C23189883004B1619 /* Progress Monitoring - Oral Reading Fluency 12.txt */ = {isa = PBXFileReference; fileEncoding = 4; lastKnownFileType = text; path = "Progress Monitoring - Oral Reading Fluency 12.txt"; sourceTree = "<group>"; };
		65A9727D23189884004B1619 /* Progress Monitoring - Oral Reading Fluency 07.txt */ = {isa = PBXFileReference; fileEncoding = 4; lastKnownFileType = text; path = "Progress Monitoring - Oral Reading Fluency 07.txt"; sourceTree = "<group>"; };
		65A9727E23189884004B1619 /* Progress Monitoring - Oral Reading Fluency 03.txt */ = {isa = PBXFileReference; fileEncoding = 4; lastKnownFileType = text; path = "Progress Monitoring - Oral Reading Fluency 03.txt"; sourceTree = "<group>"; };
		65A9727F23189884004B1619 /* Progress Monitoring - Oral Reading Fluency 13.txt */ = {isa = PBXFileReference; fileEncoding = 4; lastKnownFileType = text; path = "Progress Monitoring - Oral Reading Fluency 13.txt"; sourceTree = "<group>"; };
		65A9728023189884004B1619 /* Progress Monitoring - Oral Reading Fluency 05.txt */ = {isa = PBXFileReference; fileEncoding = 4; lastKnownFileType = text; path = "Progress Monitoring - Oral Reading Fluency 05.txt"; sourceTree = "<group>"; };
		65A9728123189885004B1619 /* Progress Monitoring - Oral Reading Fluency 11.txt */ = {isa = PBXFileReference; fileEncoding = 4; lastKnownFileType = text; path = "Progress Monitoring - Oral Reading Fluency 11.txt"; sourceTree = "<group>"; };
		65A9728223189885004B1619 /* Progress Monitoring - Oral Reading Fluency 02.txt */ = {isa = PBXFileReference; fileEncoding = 4; lastKnownFileType = text; path = "Progress Monitoring - Oral Reading Fluency 02.txt"; sourceTree = "<group>"; };
		65A9728323189885004B1619 /* Progress Monitoring - Oral Reading Fluency 14.txt */ = {isa = PBXFileReference; fileEncoding = 4; lastKnownFileType = text; path = "Progress Monitoring - Oral Reading Fluency 14.txt"; sourceTree = "<group>"; };
		65A9728423189886004B1619 /* Progress Monitoring - Oral Reading Fluency 17.txt */ = {isa = PBXFileReference; fileEncoding = 4; lastKnownFileType = text; path = "Progress Monitoring - Oral Reading Fluency 17.txt"; sourceTree = "<group>"; };
		65A9728523189886004B1619 /* Progress Monitoring - Oral Reading Fluency 06.txt */ = {isa = PBXFileReference; fileEncoding = 4; lastKnownFileType = text; path = "Progress Monitoring - Oral Reading Fluency 06.txt"; sourceTree = "<group>"; };
		65A9728623189887004B1619 /* Progress Monitoring - Oral Reading Fluency 19.txt */ = {isa = PBXFileReference; fileEncoding = 4; lastKnownFileType = text; path = "Progress Monitoring - Oral Reading Fluency 19.txt"; sourceTree = "<group>"; };
		65A9728723189887004B1619 /* Progress Monitoring - Oral Reading Fluency 08.txt */ = {isa = PBXFileReference; fileEncoding = 4; lastKnownFileType = text; path = "Progress Monitoring - Oral Reading Fluency 08.txt"; sourceTree = "<group>"; };
		65A9728823189887004B1619 /* Progress Monitoring - Oral Reading Fluency 10.txt */ = {isa = PBXFileReference; fileEncoding = 4; lastKnownFileType = text; path = "Progress Monitoring - Oral Reading Fluency 10.txt"; sourceTree = "<group>"; };
		65B4FF0F224A7EE600968553 /* TestRow.swift */ = {isa = PBXFileReference; lastKnownFileType = sourcecode.swift; path = TestRow.swift; sourceTree = "<group>"; };
		65C787D72263D61800C8D35B /* Benchmark 1 - Phoneme Segmentation Fluency.txt */ = {isa = PBXFileReference; fileEncoding = 4; lastKnownFileType = text; path = "Benchmark 1 - Phoneme Segmentation Fluency.txt"; sourceTree = "<group>"; };
		65C787D82263D61800C8D35B /* Benchmark 3 - Phoneme Segmentation Fluency.txt */ = {isa = PBXFileReference; fileEncoding = 4; lastKnownFileType = text; path = "Benchmark 3 - Phoneme Segmentation Fluency.txt"; sourceTree = "<group>"; };
		65C787DB2263D80D00C8D35B /* Progress Monitoring - Phoneme Segmentation Fluency 1.txt */ = {isa = PBXFileReference; fileEncoding = 4; lastKnownFileType = text; path = "Progress Monitoring - Phoneme Segmentation Fluency 1.txt"; sourceTree = "<group>"; };
		65C787DD2263DC5D00C8D35B /* Progress Monitoring - Phoneme Segmentation Fluency 5.txt */ = {isa = PBXFileReference; fileEncoding = 4; lastKnownFileType = text; path = "Progress Monitoring - Phoneme Segmentation Fluency 5.txt"; sourceTree = "<group>"; };
		65C787DE2263DC5D00C8D35B /* Progress Monitoring - Phoneme Segmentation Fluency 2.txt */ = {isa = PBXFileReference; fileEncoding = 4; lastKnownFileType = text; path = "Progress Monitoring - Phoneme Segmentation Fluency 2.txt"; sourceTree = "<group>"; };
		65C787DF2263DC5D00C8D35B /* Progress Monitoring - Phoneme Segmentation Fluency 3.txt */ = {isa = PBXFileReference; fileEncoding = 4; lastKnownFileType = text; path = "Progress Monitoring - Phoneme Segmentation Fluency 3.txt"; sourceTree = "<group>"; };
		65C787E02263DC5E00C8D35B /* Progress Monitoring - Phoneme Segmentation Fluency 4.txt */ = {isa = PBXFileReference; fileEncoding = 4; lastKnownFileType = text; path = "Progress Monitoring - Phoneme Segmentation Fluency 4.txt"; sourceTree = "<group>"; };
		65C787E12263DC5E00C8D35B /* Progress Monitoring - Phoneme Segmentation Fluency 6.txt */ = {isa = PBXFileReference; fileEncoding = 4; lastKnownFileType = text; path = "Progress Monitoring - Phoneme Segmentation Fluency 6.txt"; sourceTree = "<group>"; };
		65C787E72263FA1400C8D35B /* NWFTestViewController.swift */ = {isa = PBXFileReference; lastKnownFileType = sourcecode.swift; path = NWFTestViewController.swift; sourceTree = "<group>"; };
		65C787E92263FF7100C8D35B /* NWFTestTableViewCell.swift */ = {isa = PBXFileReference; lastKnownFileType = sourcecode.swift; path = NWFTestTableViewCell.swift; sourceTree = "<group>"; };
		65C787EB2264073500C8D35B /* Benchmark 1 - Nonsense Word Fluency.txt */ = {isa = PBXFileReference; fileEncoding = 4; lastKnownFileType = text; path = "Benchmark 1 - Nonsense Word Fluency.txt"; sourceTree = "<group>"; };
		65D42F5721C9E73A008EC6E8 /* PersistenceService.swift */ = {isa = PBXFileReference; lastKnownFileType = sourcecode.swift; path = PersistenceService.swift; sourceTree = "<group>"; };
		65FC4F8521C2FB31002A7096 /* Dribbles.app */ = {isa = PBXFileReference; explicitFileType = wrapper.application; includeInIndex = 0; path = Dribbles.app; sourceTree = BUILT_PRODUCTS_DIR; };
		65FC4F8821C2FB31002A7096 /* AppDelegate.swift */ = {isa = PBXFileReference; lastKnownFileType = sourcecode.swift; path = AppDelegate.swift; sourceTree = "<group>"; };
		65FC4F8A21C2FB31002A7096 /* ViewController.swift */ = {isa = PBXFileReference; lastKnownFileType = sourcecode.swift; path = ViewController.swift; sourceTree = "<group>"; };
		65FC4F8D21C2FB31002A7096 /* Base */ = {isa = PBXFileReference; lastKnownFileType = file.storyboard; name = Base; path = Base.lproj/Main.storyboard; sourceTree = "<group>"; };
		65FC4F9021C2FB31002A7096 /* Dribbles.xcdatamodel */ = {isa = PBXFileReference; lastKnownFileType = wrapper.xcdatamodel; path = Dribbles.xcdatamodel; sourceTree = "<group>"; };
		65FC4F9221C2FB33002A7096 /* Assets.xcassets */ = {isa = PBXFileReference; lastKnownFileType = folder.assetcatalog; path = Assets.xcassets; sourceTree = "<group>"; };
		65FC4F9721C2FB33002A7096 /* Info.plist */ = {isa = PBXFileReference; lastKnownFileType = text.plist.xml; path = Info.plist; sourceTree = "<group>"; };
		65FF6FD221C46EEA0013197F /* Student+CoreDataClass.swift */ = {isa = PBXFileReference; lastKnownFileType = sourcecode.swift; path = "Student+CoreDataClass.swift"; sourceTree = "<group>"; };
		65FF6FD321C46EEA0013197F /* Student+CoreDataProperties.swift */ = {isa = PBXFileReference; lastKnownFileType = sourcecode.swift; path = "Student+CoreDataProperties.swift"; sourceTree = "<group>"; };
		65FF6FD621C4721E0013197F /* AddStudentViewController.swift */ = {isa = PBXFileReference; lastKnownFileType = sourcecode.swift; path = AddStudentViewController.swift; sourceTree = "<group>"; };
/* End PBXFileReference section */

/* Begin PBXFrameworksBuildPhase section */
		65FC4F8221C2FB31002A7096 /* Frameworks */ = {
			isa = PBXFrameworksBuildPhase;
			buildActionMask = 2147483647;
			files = (
			);
			runOnlyForDeploymentPostprocessing = 0;
		};
/* End PBXFrameworksBuildPhase section */

/* Begin PBXGroup section */
		65C787ED2264075300C8D35B /* Test Files */ = {
			isa = PBXGroup;
			children = (
				65A9727A23189883004B1619 /* Progress Monitoring - Oral Reading Fluency 01.txt */,
				65A9728223189885004B1619 /* Progress Monitoring - Oral Reading Fluency 02.txt */,
				65A9727E23189884004B1619 /* Progress Monitoring - Oral Reading Fluency 03.txt */,
				65A9727523189881004B1619 /* Progress Monitoring - Oral Reading Fluency 04.txt */,
				65A9728023189884004B1619 /* Progress Monitoring - Oral Reading Fluency 05.txt */,
				65A9728523189886004B1619 /* Progress Monitoring - Oral Reading Fluency 06.txt */,
				65A9727D23189884004B1619 /* Progress Monitoring - Oral Reading Fluency 07.txt */,
				65A9728723189887004B1619 /* Progress Monitoring - Oral Reading Fluency 08.txt */,
				65A9727B23189883004B1619 /* Progress Monitoring - Oral Reading Fluency 09.txt */,
				65A9728823189887004B1619 /* Progress Monitoring - Oral Reading Fluency 10.txt */,
				65A9728123189885004B1619 /* Progress Monitoring - Oral Reading Fluency 11.txt */,
				65A9727C23189883004B1619 /* Progress Monitoring - Oral Reading Fluency 12.txt */,
				65A9727F23189884004B1619 /* Progress Monitoring - Oral Reading Fluency 13.txt */,
				65A9728323189885004B1619 /* Progress Monitoring - Oral Reading Fluency 14.txt */,
				65A9727923189882004B1619 /* Progress Monitoring - Oral Reading Fluency 15.txt */,
				65A9727723189882004B1619 /* Progress Monitoring - Oral Reading Fluency 16.txt */,
				65A9728423189886004B1619 /* Progress Monitoring - Oral Reading Fluency 17.txt */,
				65A9727623189882004B1619 /* Progress Monitoring - Oral Reading Fluency 18.txt */,
				65A9728623189887004B1619 /* Progress Monitoring - Oral Reading Fluency 19.txt */,
				65A9727823189882004B1619 /* Progress Monitoring - Oral Reading Fluency 20.txt */,
				65C787D72263D61800C8D35B /* Benchmark 1 - Phoneme Segmentation Fluency.txt */,
				656FCE212262C207009783F8 /* Benchmark 2 - Phoneme Segmentation Fluency.txt */,
				65C787D82263D61800C8D35B /* Benchmark 3 - Phoneme Segmentation Fluency.txt */,
				65C787DB2263D80D00C8D35B /* Progress Monitoring - Phoneme Segmentation Fluency 1.txt */,
				65C787DE2263DC5D00C8D35B /* Progress Monitoring - Phoneme Segmentation Fluency 2.txt */,
				65C787DF2263DC5D00C8D35B /* Progress Monitoring - Phoneme Segmentation Fluency 3.txt */,
				65C787E02263DC5E00C8D35B /* Progress Monitoring - Phoneme Segmentation Fluency 4.txt */,
				65C787DD2263DC5D00C8D35B /* Progress Monitoring - Phoneme Segmentation Fluency 5.txt */,
				65C787E12263DC5E00C8D35B /* Progress Monitoring - Phoneme Segmentation Fluency 6.txt */,
				65C787EB2264073500C8D35B /* Benchmark 1 - Nonsense Word Fluency.txt */,
				658954DB2264F59200C962E2 /* Benchmark 2 - Nonsense Word Fluency.txt */,
				658954DC2264F59200C962E2 /* Benchmark 3 - Nonsense Word Fluency.txt */,
				651FE5B422EE505D00E8F213 /* Benchmark 2-1 - Oral Reading Fluency.txt */,
				651FE5AB22EE4ABD00E8F213 /* Benchmark 2-2 - Oral Reading Fluency.txt */,
				651FE5AC22EE4ABD00E8F213 /* Benchmark 2-3 - Oral Reading Fluency.txt */,
				651FE5B722EE537C00E8F213 /* Benchmark 3-1 - Oral Reading Fluency.txt */,
				651FE5B822EE537C00E8F213 /* Benchmark 3-2 - Oral Reading Fluency.txt */,
				651FE5B622EE537B00E8F213 /* Benchmark 3-3 - Oral Reading Fluency.txt */,
				658954E4226502D000C962E2 /* Progress Monitoring - Nonsense Word Fluency 01.txt */,
				658954DF226502D000C962E2 /* Progress Monitoring - Nonsense Word Fluency 02.txt */,
				658954E2226502D000C962E2 /* Progress Monitoring - Nonsense Word Fluency 03.txt */,
				658954E0226502D000C962E2 /* Progress Monitoring - Nonsense Word Fluency 04.txt */,
				658954E3226502D000C962E2 /* Progress Monitoring - Nonsense Word Fluency 05.txt */,
				658954E1226502D000C962E2 /* Progress Monitoring - Nonsense Word Fluency 06.txt */,
				6588461A22875B0100CBE3DD /* Progress Monitoring - Nonsense Word Fluency 07.txt */,
				6588461822875B0100CBE3DD /* Progress Monitoring - Nonsense Word Fluency 08.txt */,
				6588461622875B0000CBE3DD /* Progress Monitoring - Nonsense Word Fluency 09.txt */,
				6588461722875B0100CBE3DD /* Progress Monitoring - Nonsense Word Fluency 10.txt */,
				6588461922875B0100CBE3DD /* Progress Monitoring - Nonsense Word Fluency 11.txt */,
				6588461B22875B0200CBE3DD /* Progress Monitoring - Nonsense Word Fluency 12.txt */,
			);
			path = "Test Files";
			sourceTree = "<group>";
		};
		65FC4F7C21C2FB31002A7096 = {
			isa = PBXGroup;
			children = (
				65FC4F8721C2FB31002A7096 /* Dribbles */,
				65FC4F8621C2FB31002A7096 /* Products */,
			);
			sourceTree = "<group>";
		};
		65FC4F8621C2FB31002A7096 /* Products */ = {
			isa = PBXGroup;
			children = (
				65FC4F8521C2FB31002A7096 /* Dribbles.app */,
			);
			name = Products;
			sourceTree = "<group>";
		};
		65FC4F8721C2FB31002A7096 /* Dribbles */ = {
			isa = PBXGroup;
			children = (
				658954ED2265040D00C962E2 /* TestElement.swift */,
				65A65D6021C5CB1B003AE9A5 /* TestEvent+CoreDataClass.swift */,
				65A65D6121C5CB1B003AE9A5 /* TestEvent+CoreDataProperties.swift */,
				65FF6FD221C46EEA0013197F /* Student+CoreDataClass.swift */,
				65FF6FD321C46EEA0013197F /* Student+CoreDataProperties.swift */,
				65FF6FD621C4721E0013197F /* AddStudentViewController.swift */,
				65FC4F8821C2FB31002A7096 /* AppDelegate.swift */,
				65FC4F8A21C2FB31002A7096 /* ViewController.swift */,
				65D42F5721C9E73A008EC6E8 /* PersistenceService.swift */,
				653D86EF21C44D450077324E /* StudentDetailViewController.swift */,
				65FC4F8C21C2FB31002A7096 /* Main.storyboard */,
				65C787E72263FA1400C8D35B /* NWFTestViewController.swift */,
				651FE5A622ECCAAF00E8F213 /* ORFTestElement.swift */,
				65C787E92263FF7100C8D35B /* NWFTestTableViewCell.swift */,
				65253C0521E5125300F0EFB3 /* RunTestTableViewCell.swift */,
				654C176721D03E7500982BD5 /* RunTestTableViewController.swift */,
				651FE5A022EB2BA400E8F213 /* ORFTestViewController.swift */,
				651FE5A222EB2BD200E8F213 /* ORFTestTableViewCell.swift */,
				657520A0225C19D30063021D /* TableCellData.swift */,
				651FE5A422EB2EC900E8F213 /* ORFTableCellData.swift */,
				65FC4F9221C2FB33002A7096 /* Assets.xcassets */,
				65FC4F9721C2FB33002A7096 /* Info.plist */,
				65FC4F8F21C2FB31002A7096 /* Dribbles.xcdatamodeld */,
				65C787ED2264075300C8D35B /* Test Files */,
				65B4FF0F224A7EE600968553 /* TestRow.swift */,
			);
			path = Dribbles;
			sourceTree = "<group>";
		};
/* End PBXGroup section */

/* Begin PBXNativeTarget section */
		65FC4F8421C2FB31002A7096 /* Dribbles */ = {
			isa = PBXNativeTarget;
			buildConfigurationList = 65FC4F9A21C2FB33002A7096 /* Build configuration list for PBXNativeTarget "Dribbles" */;
			buildPhases = (
				65FC4F8121C2FB31002A7096 /* Sources */,
				65FC4F8221C2FB31002A7096 /* Frameworks */,
				65FC4F8321C2FB31002A7096 /* Resources */,
			);
			buildRules = (
			);
			dependencies = (
			);
			name = Dribbles;
			productName = Dribbles;
			productReference = 65FC4F8521C2FB31002A7096 /* Dribbles.app */;
			productType = "com.apple.product-type.application";
		};
/* End PBXNativeTarget section */

/* Begin PBXProject section */
		65FC4F7D21C2FB31002A7096 /* Project object */ = {
			isa = PBXProject;
			attributes = {
				LastSwiftUpdateCheck = 1010;
				LastUpgradeCheck = 1230;
				ORGANIZATIONNAME = "Alistair Logie";
				TargetAttributes = {
					65FC4F8421C2FB31002A7096 = {
						CreatedOnToolsVersion = 10.1;
						LastSwiftMigration = 1020;
					};
				};
			};
			buildConfigurationList = 65FC4F8021C2FB31002A7096 /* Build configuration list for PBXProject "Dribbles" */;
			compatibilityVersion = "Xcode 9.3";
			developmentRegion = en;
			hasScannedForEncodings = 0;
			knownRegions = (
				en,
				Base,
			);
			mainGroup = 65FC4F7C21C2FB31002A7096;
			productRefGroup = 65FC4F8621C2FB31002A7096 /* Products */;
			projectDirPath = "";
			projectRoot = "";
			targets = (
				65FC4F8421C2FB31002A7096 /* Dribbles */,
			);
		};
/* End PBXProject section */

/* Begin PBXResourcesBuildPhase section */
		65FC4F8321C2FB31002A7096 /* Resources */ = {
			isa = PBXResourcesBuildPhase;
			buildActionMask = 2147483647;
			files = (
				65A9728E23189888004B1619 /* Progress Monitoring - Oral Reading Fluency 01.txt in Resources */,
				65A9729123189888004B1619 /* Progress Monitoring - Oral Reading Fluency 07.txt in Resources */,
				65A9728D23189888004B1619 /* Progress Monitoring - Oral Reading Fluency 15.txt in Resources */,
				65C787E52263DC5F00C8D35B /* Progress Monitoring - Phoneme Segmentation Fluency 4.txt in Resources */,
				6588461C22875B0200CBE3DD /* Progress Monitoring - Nonsense Word Fluency 09.txt in Resources */,
				65A9729523189888004B1619 /* Progress Monitoring - Oral Reading Fluency 11.txt in Resources */,
				65A9728A23189888004B1619 /* Progress Monitoring - Oral Reading Fluency 18.txt in Resources */,
				65C787E22263DC5F00C8D35B /* Progress Monitoring - Phoneme Segmentation Fluency 5.txt in Resources */,
				65FC4F9321C2FB33002A7096 /* Assets.xcassets in Resources */,
				65C787E32263DC5F00C8D35B /* Progress Monitoring - Phoneme Segmentation Fluency 2.txt in Resources */,
				65A9729023189888004B1619 /* Progress Monitoring - Oral Reading Fluency 12.txt in Resources */,
				651FE5AE22EE4ABD00E8F213 /* Benchmark 2-2 - Oral Reading Fluency.txt in Resources */,
				6588461D22875B0200CBE3DD /* Progress Monitoring - Nonsense Word Fluency 10.txt in Resources */,
				658954E6226502D000C962E2 /* Progress Monitoring - Nonsense Word Fluency 04.txt in Resources */,
				65A9729B23189888004B1619 /* Progress Monitoring - Oral Reading Fluency 08.txt in Resources */,
				6588462022875B0200CBE3DD /* Progress Monitoring - Nonsense Word Fluency 07.txt in Resources */,
				651FE5B922EE537C00E8F213 /* Benchmark 3-3 - Oral Reading Fluency.txt in Resources */,
				658954E5226502D000C962E2 /* Progress Monitoring - Nonsense Word Fluency 02.txt in Resources */,
				65A9729C23189888004B1619 /* Progress Monitoring - Oral Reading Fluency 10.txt in Resources */,
				6588462122875B0200CBE3DD /* Progress Monitoring - Nonsense Word Fluency 12.txt in Resources */,
				65A9729723189888004B1619 /* Progress Monitoring - Oral Reading Fluency 14.txt in Resources */,
				65C787E42263DC5F00C8D35B /* Progress Monitoring - Phoneme Segmentation Fluency 3.txt in Resources */,
				65C787EC2264073500C8D35B /* Benchmark 1 - Nonsense Word Fluency.txt in Resources */,
				65A9729923189888004B1619 /* Progress Monitoring - Oral Reading Fluency 06.txt in Resources */,
				65A9728923189888004B1619 /* Progress Monitoring - Oral Reading Fluency 04.txt in Resources */,
				658954EA226502D000C962E2 /* Progress Monitoring - Nonsense Word Fluency 01.txt in Resources */,
				65C787DC2263D80E00C8D35B /* Progress Monitoring - Phoneme Segmentation Fluency 1.txt in Resources */,
				658954DD2264F59200C962E2 /* Benchmark 2 - Nonsense Word Fluency.txt in Resources */,
				658954E9226502D000C962E2 /* Progress Monitoring - Nonsense Word Fluency 05.txt in Resources */,
				65A9728B23189888004B1619 /* Progress Monitoring - Oral Reading Fluency 16.txt in Resources */,
				65C787E62263DC5F00C8D35B /* Progress Monitoring - Phoneme Segmentation Fluency 6.txt in Resources */,
				65A9729A23189888004B1619 /* Progress Monitoring - Oral Reading Fluency 19.txt in Resources */,
				65A9729223189888004B1619 /* Progress Monitoring - Oral Reading Fluency 03.txt in Resources */,
				65A9729823189888004B1619 /* Progress Monitoring - Oral Reading Fluency 17.txt in Resources */,
				658954E7226502D000C962E2 /* Progress Monitoring - Nonsense Word Fluency 06.txt in Resources */,
				65C787DA2263D61800C8D35B /* Benchmark 3 - Phoneme Segmentation Fluency.txt in Resources */,
				6588461F22875B0200CBE3DD /* Progress Monitoring - Nonsense Word Fluency 11.txt in Resources */,
				6588461E22875B0200CBE3DD /* Progress Monitoring - Nonsense Word Fluency 08.txt in Resources */,
				656FCE222262C207009783F8 /* Benchmark 2 - Phoneme Segmentation Fluency.txt in Resources */,
				65A9729623189888004B1619 /* Progress Monitoring - Oral Reading Fluency 02.txt in Resources */,
				65A9728F23189888004B1619 /* Progress Monitoring - Oral Reading Fluency 09.txt in Resources */,
				651FE5BA22EE537C00E8F213 /* Benchmark 3-1 - Oral Reading Fluency.txt in Resources */,
				65FC4F8E21C2FB31002A7096 /* Main.storyboard in Resources */,
				65A9729323189888004B1619 /* Progress Monitoring - Oral Reading Fluency 13.txt in Resources */,
				658954E8226502D000C962E2 /* Progress Monitoring - Nonsense Word Fluency 03.txt in Resources */,
				651FE5AF22EE4ABD00E8F213 /* Benchmark 2-3 - Oral Reading Fluency.txt in Resources */,
				65A9729423189888004B1619 /* Progress Monitoring - Oral Reading Fluency 05.txt in Resources */,
				651FE5B522EE505D00E8F213 /* Benchmark 2-1 - Oral Reading Fluency.txt in Resources */,
				658954DE2264F59200C962E2 /* Benchmark 3 - Nonsense Word Fluency.txt in Resources */,
				651FE5BB22EE537C00E8F213 /* Benchmark 3-2 - Oral Reading Fluency.txt in Resources */,
				65C787D92263D61800C8D35B /* Benchmark 1 - Phoneme Segmentation Fluency.txt in Resources */,
				65A9728C23189888004B1619 /* Progress Monitoring - Oral Reading Fluency 20.txt in Resources */,
			);
			runOnlyForDeploymentPostprocessing = 0;
		};
/* End PBXResourcesBuildPhase section */

/* Begin PBXSourcesBuildPhase section */
		65FC4F8121C2FB31002A7096 /* Sources */ = {
			isa = PBXSourcesBuildPhase;
			buildActionMask = 2147483647;
			files = (
				651FE5A722ECCAAF00E8F213 /* ORFTestElement.swift in Sources */,
				65C787E82263FA1400C8D35B /* NWFTestViewController.swift in Sources */,
				65B4FF10224A7EE600968553 /* TestRow.swift in Sources */,
				651FE5A322EB2BD200E8F213 /* ORFTestTableViewCell.swift in Sources */,
				65FF6FD521C46EEA0013197F /* Student+CoreDataProperties.swift in Sources */,
				658954EE2265040D00C962E2 /* TestElement.swift in Sources */,
				657520A1225C19D30063021D /* TableCellData.swift in Sources */,
				651FE5A522EB2EC900E8F213 /* ORFTableCellData.swift in Sources */,
				654C176821D03E7500982BD5 /* RunTestTableViewController.swift in Sources */,
				65FF6FD721C4721E0013197F /* AddStudentViewController.swift in Sources */,
				65253C0621E5125300F0EFB3 /* RunTestTableViewCell.swift in Sources */,
				65D42F5821C9E73A008EC6E8 /* PersistenceService.swift in Sources */,
				653D86F021C44D450077324E /* StudentDetailViewController.swift in Sources */,
				65A65D6321C5CB1B003AE9A5 /* TestEvent+CoreDataProperties.swift in Sources */,
				65FC4F8B21C2FB31002A7096 /* ViewController.swift in Sources */,
				65C787EA2263FF7100C8D35B /* NWFTestTableViewCell.swift in Sources */,
				65FC4F8921C2FB31002A7096 /* AppDelegate.swift in Sources */,
				65FC4F9121C2FB31002A7096 /* Dribbles.xcdatamodeld in Sources */,
				65A65D6221C5CB1B003AE9A5 /* TestEvent+CoreDataClass.swift in Sources */,
				651FE5A122EB2BA400E8F213 /* ORFTestViewController.swift in Sources */,
				65FF6FD421C46EEA0013197F /* Student+CoreDataClass.swift in Sources */,
			);
			runOnlyForDeploymentPostprocessing = 0;
		};
/* End PBXSourcesBuildPhase section */

/* Begin PBXVariantGroup section */
		65FC4F8C21C2FB31002A7096 /* Main.storyboard */ = {
			isa = PBXVariantGroup;
			children = (
				65FC4F8D21C2FB31002A7096 /* Base */,
			);
			name = Main.storyboard;
			sourceTree = "<group>";
		};
/* End PBXVariantGroup section */

/* Begin XCBuildConfiguration section */
		65FC4F9821C2FB33002A7096 /* Debug */ = {
			isa = XCBuildConfiguration;
			buildSettings = {
				ALWAYS_SEARCH_USER_PATHS = NO;
				CLANG_ANALYZER_NONNULL = YES;
				CLANG_ANALYZER_NUMBER_OBJECT_CONVERSION = YES_AGGRESSIVE;
				CLANG_CXX_LANGUAGE_STANDARD = "gnu++14";
				CLANG_CXX_LIBRARY = "libc++";
				CLANG_ENABLE_MODULES = YES;
				CLANG_ENABLE_OBJC_ARC = YES;
				CLANG_ENABLE_OBJC_WEAK = YES;
				CLANG_WARN_BLOCK_CAPTURE_AUTORELEASING = YES;
				CLANG_WARN_BOOL_CONVERSION = YES;
				CLANG_WARN_COMMA = YES;
				CLANG_WARN_CONSTANT_CONVERSION = YES;
				CLANG_WARN_DEPRECATED_OBJC_IMPLEMENTATIONS = YES;
				CLANG_WARN_DIRECT_OBJC_ISA_USAGE = YES_ERROR;
				CLANG_WARN_DOCUMENTATION_COMMENTS = YES;
				CLANG_WARN_EMPTY_BODY = YES;
				CLANG_WARN_ENUM_CONVERSION = YES;
				CLANG_WARN_INFINITE_RECURSION = YES;
				CLANG_WARN_INT_CONVERSION = YES;
				CLANG_WARN_NON_LITERAL_NULL_CONVERSION = YES;
				CLANG_WARN_OBJC_IMPLICIT_RETAIN_SELF = YES;
				CLANG_WARN_OBJC_LITERAL_CONVERSION = YES;
				CLANG_WARN_OBJC_ROOT_CLASS = YES_ERROR;
				CLANG_WARN_QUOTED_INCLUDE_IN_FRAMEWORK_HEADER = YES;
				CLANG_WARN_RANGE_LOOP_ANALYSIS = YES;
				CLANG_WARN_STRICT_PROTOTYPES = YES;
				CLANG_WARN_SUSPICIOUS_MOVE = YES;
				CLANG_WARN_UNGUARDED_AVAILABILITY = YES_AGGRESSIVE;
				CLANG_WARN_UNREACHABLE_CODE = YES;
				CLANG_WARN__DUPLICATE_METHOD_MATCH = YES;
				CODE_SIGN_IDENTITY = "iPhone Developer";
				COPY_PHASE_STRIP = NO;
				DEBUG_INFORMATION_FORMAT = dwarf;
				ENABLE_STRICT_OBJC_MSGSEND = YES;
				ENABLE_TESTABILITY = YES;
				GCC_C_LANGUAGE_STANDARD = gnu11;
				GCC_DYNAMIC_NO_PIC = NO;
				GCC_NO_COMMON_BLOCKS = YES;
				GCC_OPTIMIZATION_LEVEL = 0;
				GCC_PREPROCESSOR_DEFINITIONS = (
					"DEBUG=1",
					"$(inherited)",
				);
				GCC_WARN_64_TO_32_BIT_CONVERSION = YES;
				GCC_WARN_ABOUT_RETURN_TYPE = YES_ERROR;
				GCC_WARN_UNDECLARED_SELECTOR = YES;
				GCC_WARN_UNINITIALIZED_AUTOS = YES_AGGRESSIVE;
				GCC_WARN_UNUSED_FUNCTION = YES;
				GCC_WARN_UNUSED_VARIABLE = YES;
				IPHONEOS_DEPLOYMENT_TARGET = 10.2;
				MTL_ENABLE_DEBUG_INFO = INCLUDE_SOURCE;
				MTL_FAST_MATH = YES;
				ONLY_ACTIVE_ARCH = YES;
				SDKROOT = iphoneos;
				SWIFT_ACTIVE_COMPILATION_CONDITIONS = DEBUG;
				SWIFT_OPTIMIZATION_LEVEL = "-Onone";
			};
			name = Debug;
		};
		65FC4F9921C2FB33002A7096 /* Release */ = {
			isa = XCBuildConfiguration;
			buildSettings = {
				ALWAYS_SEARCH_USER_PATHS = NO;
				CLANG_ANALYZER_NONNULL = YES;
				CLANG_ANALYZER_NUMBER_OBJECT_CONVERSION = YES_AGGRESSIVE;
				CLANG_CXX_LANGUAGE_STANDARD = "gnu++14";
				CLANG_CXX_LIBRARY = "libc++";
				CLANG_ENABLE_MODULES = YES;
				CLANG_ENABLE_OBJC_ARC = YES;
				CLANG_ENABLE_OBJC_WEAK = YES;
				CLANG_WARN_BLOCK_CAPTURE_AUTORELEASING = YES;
				CLANG_WARN_BOOL_CONVERSION = YES;
				CLANG_WARN_COMMA = YES;
				CLANG_WARN_CONSTANT_CONVERSION = YES;
				CLANG_WARN_DEPRECATED_OBJC_IMPLEMENTATIONS = YES;
				CLANG_WARN_DIRECT_OBJC_ISA_USAGE = YES_ERROR;
				CLANG_WARN_DOCUMENTATION_COMMENTS = YES;
				CLANG_WARN_EMPTY_BODY = YES;
				CLANG_WARN_ENUM_CONVERSION = YES;
				CLANG_WARN_INFINITE_RECURSION = YES;
				CLANG_WARN_INT_CONVERSION = YES;
				CLANG_WARN_NON_LITERAL_NULL_CONVERSION = YES;
				CLANG_WARN_OBJC_IMPLICIT_RETAIN_SELF = YES;
				CLANG_WARN_OBJC_LITERAL_CONVERSION = YES;
				CLANG_WARN_OBJC_ROOT_CLASS = YES_ERROR;
				CLANG_WARN_QUOTED_INCLUDE_IN_FRAMEWORK_HEADER = YES;
				CLANG_WARN_RANGE_LOOP_ANALYSIS = YES;
				CLANG_WARN_STRICT_PROTOTYPES = YES;
				CLANG_WARN_SUSPICIOUS_MOVE = YES;
				CLANG_WARN_UNGUARDED_AVAILABILITY = YES_AGGRESSIVE;
				CLANG_WARN_UNREACHABLE_CODE = YES;
				CLANG_WARN__DUPLICATE_METHOD_MATCH = YES;
				CODE_SIGN_IDENTITY = "iPhone Developer";
				COPY_PHASE_STRIP = NO;
				DEBUG_INFORMATION_FORMAT = "dwarf-with-dsym";
				ENABLE_NS_ASSERTIONS = NO;
				ENABLE_STRICT_OBJC_MSGSEND = YES;
				GCC_C_LANGUAGE_STANDARD = gnu11;
				GCC_NO_COMMON_BLOCKS = YES;
				GCC_WARN_64_TO_32_BIT_CONVERSION = YES;
				GCC_WARN_ABOUT_RETURN_TYPE = YES_ERROR;
				GCC_WARN_UNDECLARED_SELECTOR = YES;
				GCC_WARN_UNINITIALIZED_AUTOS = YES_AGGRESSIVE;
				GCC_WARN_UNUSED_FUNCTION = YES;
				GCC_WARN_UNUSED_VARIABLE = YES;
				IPHONEOS_DEPLOYMENT_TARGET = 10.2;
				MTL_ENABLE_DEBUG_INFO = NO;
				MTL_FAST_MATH = YES;
				SDKROOT = iphoneos;
				SWIFT_COMPILATION_MODE = wholemodule;
				SWIFT_OPTIMIZATION_LEVEL = "-O";
				VALIDATE_PRODUCT = YES;
			};
			name = Release;
		};
		65FC4F9B21C2FB33002A7096 /* Debug */ = {
			isa = XCBuildConfiguration;
			buildSettings = {
				ASSETCATALOG_COMPILER_APPICON_NAME = AppIcon;
				CODE_SIGN_STYLE = Automatic;
				DEVELOPMENT_TEAM = D9TFE9H8YH;
				INFOPLIST_FILE = Dribbles/Info.plist;
				LD_RUNPATH_SEARCH_PATHS = (
					"$(inherited)",
					"@executable_path/Frameworks",
				);
				PRODUCT_BUNDLE_IDENTIFIER = sadbadger.com.Dribbles;
				PRODUCT_NAME = "$(TARGET_NAME)";
				SWIFT_VERSION = 5.0;
				TARGETED_DEVICE_FAMILY = 2;
			};
			name = Debug;
		};
		65FC4F9C21C2FB33002A7096 /* Release */ = {
			isa = XCBuildConfiguration;
			buildSettings = {
				ASSETCATALOG_COMPILER_APPICON_NAME = AppIcon;
				CODE_SIGN_STYLE = Automatic;
				DEVELOPMENT_TEAM = D9TFE9H8YH;
				INFOPLIST_FILE = Dribbles/Info.plist;
				LD_RUNPATH_SEARCH_PATHS = (
					"$(inherited)",
					"@executable_path/Frameworks",
				);
				PRODUCT_BUNDLE_IDENTIFIER = sadbadger.com.Dribbles;
				PRODUCT_NAME = "$(TARGET_NAME)";
				SWIFT_VERSION = 5.0;
				TARGETED_DEVICE_FAMILY = 2;
			};
			name = Release;
		};
/* End XCBuildConfiguration section */

/* Begin XCConfigurationList section */
		65FC4F8021C2FB31002A7096 /* Build configuration list for PBXProject "Dribbles" */ = {
			isa = XCConfigurationList;
			buildConfigurations = (
				65FC4F9821C2FB33002A7096 /* Debug */,
				65FC4F9921C2FB33002A7096 /* Release */,
			);
			defaultConfigurationIsVisible = 0;
			defaultConfigurationName = Release;
		};
		65FC4F9A21C2FB33002A7096 /* Build configuration list for PBXNativeTarget "Dribbles" */ = {
			isa = XCConfigurationList;
			buildConfigurations = (
				65FC4F9B21C2FB33002A7096 /* Debug */,
				65FC4F9C21C2FB33002A7096 /* Release */,
			);
			defaultConfigurationIsVisible = 0;
			defaultConfigurationName = Release;
		};
/* End XCConfigurationList section */

/* Begin XCVersionGroup section */
		65FC4F8F21C2FB31002A7096 /* Dribbles.xcdatamodeld */ = {
			isa = XCVersionGroup;
			children = (
				65419F0F23C9567800B0EEE0 /* Dribbles 2.xcdatamodel */,
				65FC4F9021C2FB31002A7096 /* Dribbles.xcdatamodel */,
			);
			currentVersion = 65419F0F23C9567800B0EEE0 /* Dribbles 2.xcdatamodel */;
			path = Dribbles.xcdatamodeld;
			sourceTree = "<group>";
			versionGroupType = wrapper.xcdatamodel;
		};
/* End XCVersionGroup section */
	};
	rootObject = 65FC4F7D21C2FB31002A7096 /* Project object */;
}
